
Microsoft Visual Studio Solution File, Format Version 12.00
# Visual Studio Version 16
VisualStudioVersion = 16.0.29926.136
MinimumVisualStudioVersion = 10.0.40219.1
Project("{9A19103F-16F7-4668-BE54-9A1E7A4F7556}") = "Customers_Payments_Report", "Api\Customers_Payments_Report.csproj", "{4559C478-FAB0-4525-B068-BA13142FDFA1}"
EndProject
Project("{2150E333-8FDC-42A3-9474-1A3956D46DE8}") = "01 Presentation Layer", "01 Presentation Layer", "{A4220845-5B1E-496C-ABB5-65A8CA71B410}"
EndProject
Project("{2150E333-8FDC-42A3-9474-1A3956D46DE8}") = "02 Business Logic Layer", "02 Business Logic Layer", "{51579578-1EA5-4B1A-AEDA-0F100B1E364C}"
EndProject
Project("{2150E333-8FDC-42A3-9474-1A3956D46DE8}") = "03 Data Access Layer", "03 Data Access Layer", "{945424C4-E3C6-4746-A7BC-C0CEA33B86E0}"
EndProject
Project("{2150E333-8FDC-42A3-9474-1A3956D46DE8}") = "04 Common Layer", "04 Common Layer", "{5C255B39-366B-428F-BC2F-DC894EA1CAAB}"
EndProject
Project("{9A19103F-16F7-4668-BE54-9A1E7A4F7556}") = "Customers_Payments_Report.BusinessLogic", "BusinessEngine\Customers_Payments_Report.BusinessLogic\Customers_Payments_Report.BusinessLogic.csproj", "{EA952AA8-F2AD-4916-9922-535F547C2F1B}"
EndProject
Project("{9A19103F-16F7-4668-BE54-9A1E7A4F7556}") = "Customers_Payments_Report.DataLogic", "DataManager\Customers_Payments_Report.DataLogic\Customers_Payments_Report.DataLogic.csproj", "{EFC1137E-BDCD-4D31-A1FA-C7A1B76D5CD1}"
EndProject
Project("{9A19103F-16F7-4668-BE54-9A1E7A4F7556}") = "Customers_Payments_Report.ModelData", "Common_Layer\Customers_Payments_Report.ModelData\Customers_Payments_Report.ModelData.csproj", "{93EAAF8D-07C9-4B2E-8A48-D3EFC333268F}"
EndProject
Global
	GlobalSection(SolutionConfigurationPlatforms) = preSolution
		Debug|Any CPU = Debug|Any CPU
		Release|Any CPU = Release|Any CPU
	EndGlobalSection
	GlobalSection(ProjectConfigurationPlatforms) = postSolution
		{4559C478-FAB0-4525-B068-BA13142FDFA1}.Debug|Any CPU.ActiveCfg = Debug|Any CPU
		{4559C478-FAB0-4525-B068-BA13142FDFA1}.Debug|Any CPU.Build.0 = Debug|Any CPU
		{4559C478-FAB0-4525-B068-BA13142FDFA1}.Release|Any CPU.ActiveCfg = Release|Any CPU
		{4559C478-FAB0-4525-B068-BA13142FDFA1}.Release|Any CPU.Build.0 = Release|Any CPU
		{EA952AA8-F2AD-4916-9922-535F547C2F1B}.Debug|Any CPU.ActiveCfg = Debug|Any CPU
		{EA952AA8-F2AD-4916-9922-535F547C2F1B}.Debug|Any CPU.Build.0 = Debug|Any CPU
		{EA952AA8-F2AD-4916-9922-535F547C2F1B}.Release|Any CPU.ActiveCfg = Release|Any CPU
		{EA952AA8-F2AD-4916-9922-535F547C2F1B}.Release|Any CPU.Build.0 = Release|Any CPU
		{EFC1137E-BDCD-4D31-A1FA-C7A1B76D5CD1}.Debug|Any CPU.ActiveCfg = Debug|Any CPU
		{EFC1137E-BDCD-4D31-A1FA-C7A1B76D5CD1}.Debug|Any CPU.Build.0 = Debug|Any CPU
		{EFC1137E-BDCD-4D31-A1FA-C7A1B76D5CD1}.Release|Any CPU.ActiveCfg = Release|Any CPU
		{EFC1137E-BDCD-4D31-A1FA-C7A1B76D5CD1}.Release|Any CPU.Build.0 = Release|Any CPU
		{93EAAF8D-07C9-4B2E-8A48-D3EFC333268F}.Debug|Any CPU.ActiveCfg = Debug|Any CPU
		{93EAAF8D-07C9-4B2E-8A48-D3EFC333268F}.Debug|Any CPU.Build.0 = Debug|Any CPU
		{93EAAF8D-07C9-4B2E-8A48-D3EFC333268F}.Release|Any CPU.ActiveCfg = Release|Any CPU
		{93EAAF8D-07C9-4B2E-8A48-D3EFC333268F}.Release|Any CPU.Build.0 = Release|Any CPU
	EndGlobalSection
	GlobalSection(SolutionProperties) = preSolution
		HideSolutionNode = FALSE
	EndGlobalSection
	GlobalSection(NestedProjects) = preSolution
		{4559C478-FAB0-4525-B068-BA13142FDFA1} = {A4220845-5B1E-496C-ABB5-65A8CA71B410}
		{EA952AA8-F2AD-4916-9922-535F547C2F1B} = {51579578-1EA5-4B1A-AEDA-0F100B1E364C}
		{EFC1137E-BDCD-4D31-A1FA-C7A1B76D5CD1} = {945424C4-E3C6-4746-A7BC-C0CEA33B86E0}
		{93EAAF8D-07C9-4B2E-8A48-D3EFC333268F} = {5C255B39-366B-428F-BC2F-DC894EA1CAAB}
	EndGlobalSection
	GlobalSection(ExtensibilityGlobals) = postSolution
		SolutionGuid = {AD60197D-6B65-41EC-AEFF-72DCEF8A7256}
	EndGlobalSection
EndGlobal
